
Microsoft Visual Studio Solution File, Format Version 12.00
# Visual Studio 14
VisualStudioVersion = 14.0.25123.0
MinimumVisualStudioVersion = 10.0.40219.1
Project("{FAE04EC0-301F-11D3-BF4B-00C04F79EFBC}") = "CustomersApp", "CustomersApp\CustomersApp.csproj", "{0C8C3AA8-9B7D-4DB9-A884-70B520842269}"
EndProject
Project("{FAE04EC0-301F-11D3-BF4B-00C04F79EFBC}") = "CustomersAppTest", "CustomersAppTest\CustomersAppTest.csproj", "{331C78DA-867E-4EFF-950A-4A386095218D}"
EndProject
Global
	GlobalSection(SolutionConfigurationPlatforms) = preSolution
		Debug|Any CPU = Debug|Any CPU
		Release|Any CPU = Release|Any CPU
	EndGlobalSection
	GlobalSection(ProjectConfigurationPlatforms) = postSolution
		{0C8C3AA8-9B7D-4DB9-A884-70B520842269}.Debug|Any CPU.ActiveCfg = Debug|Any CPU
		{0C8C3AA8-9B7D-4DB9-A884-70B520842269}.Debug|Any CPU.Build.0 = Debug|Any CPU
		{0C8C3AA8-9B7D-4DB9-A884-70B520842269}.Release|Any CPU.ActiveCfg = Release|Any CPU
		{0C8C3AA8-9B7D-4DB9-A884-70B520842269}.Release|Any CPU.Build.0 = Release|Any CPU
		{331C78DA-867E-4EFF-950A-4A386095218D}.Debug|Any CPU.ActiveCfg = Debug|Any CPU
		{331C78DA-867E-4EFF-950A-4A386095218D}.Debug|Any CPU.Build.0 = Debug|Any CPU
		{331C78DA-867E-4EFF-950A-4A386095218D}.Release|Any CPU.ActiveCfg = Release|Any CPU
		{331C78DA-867E-4EFF-950A-4A386095218D}.Release|Any CPU.Build.0 = Release|Any CPU
	EndGlobalSection
	GlobalSection(SolutionProperties) = preSolution
		HideSolutionNode = FALSE
	EndGlobalSection
EndGlobal
